<?xml version="1.0" encoding="utf-8"?>
<Project ToolsVersion="4.0" xmlns="http://schemas.microsoft.com/developer/msbuild/2003">
  <ItemGroup>
    <Filter Include="bind">
      <UniqueIdentifier>{3e854b4f-782e-474f-8457-c53b1d0189b2}</UniqueIdentifier>
    </Filter>
    <Filter Include="bind\include">
      <UniqueIdentifier>{c7abf8ce-e2bf-4f7c-aab1-f492df7f016e}</UniqueIdentifier>
    </Filter>
    <Filter Include="bind\src">
      <UniqueIdentifier>{042ccb0a-b41f-4df2-97db-f93ec22164b3}</UniqueIdentifier>
    </Filter>
    <Filter Include="test">
      <UniqueIdentifier>{6300ab6b-1b80-4501-b4a3-a9238ee218ef}</UniqueIdentifier>
    </Filter>
    <Filter Include="bind\include\_selected">
      <UniqueIdentifier>{e420acc7-3d88-4a77-8d78-23d413b6a8ae}</UniqueIdentifier>
    </Filter>
    <Filter Include="bind\include\_each">
      <UniqueIdentifier>{eface94d-6bee-4f74-959c-37a88d15882a}</UniqueIdentifier>
    </Filter>
  </ItemGroup>
  <ItemGroup>
    <ClCompile Include="test\test.cpp">
      <Filter>test</Filter>
    </ClCompile>
    <ClCompile Include="dep_repo\src\audio_stream.cpp">
      <Filter>bind\src</Filter>
    </ClCompile>
    <ClCompile Include="dep_repo\src\audio_voice.cpp">
      <Filter>bind\src</Filter>
    </ClCompile>
    <ClCompile Include="dep_repo\src\bitmap.cpp">
      <Filter>bind\src</Filter>
    </ClCompile>
    <ClCompile Include="dep_repo\src\config.cpp">
      <Filter>bind\src</Filter>
    </ClCompile>
    <ClCompile Include="dep_repo\src\display.cpp">
      <Filter>bind\src</Filter>
    </ClCompile>
    <ClCompile Include="dep_repo\src\display_mode.cpp">
      <Filter>bind\src</Filter>
    </ClCompile>
    <ClCompile Include="dep_repo\src\event_queue.cpp">
      <Filter>bind\src</Filter>
    </ClCompile>
    <ClCompile Include="dep_repo\src\events.cpp">
      <Filter>bind\src</Filter>
    </ClCompile>
    <ClCompile Include="dep_repo\src\file.cpp">
      <Filter>bind\src</Filter>
    </ClCompile>
    <ClCompile Include="dep_repo\src\font.cpp">
      <Filter>bind\src</Filter>
    </ClCompile>
    <ClCompile Include="dep_repo\src\gif.cpp">
      <Filter>bind\src</Filter>
    </ClCompile>
    <ClCompile Include="dep_repo\src\keyboard.cpp">
      <Filter>bind\src</Filter>
    </ClCompile>
    <ClCompile Include="dep_repo\src\locked_region.cpp">
      <Filter>bind\src</Filter>
    </ClCompile>
    <ClCompile Include="dep_repo\src\menu.cpp">
      <Filter>bind\src</Filter>
    </ClCompile>
    <ClCompile Include="dep_repo\src\monitor_info.cpp">
      <Filter>bind\src</Filter>
    </ClCompile>
    <ClCompile Include="dep_repo\src\mouse.cpp">
      <Filter>bind\src</Filter>
    </ClCompile>
    <ClCompile Include="dep_repo\src\native_dialog.cpp">
      <Filter>bind\src</Filter>
    </ClCompile>
    <ClCompile Include="dep_repo\src\path.cpp">
      <Filter>bind\src</Filter>
    </ClCompile>
    <ClCompile Include="dep_repo\src\shader.cpp">
      <Filter>bind\src</Filter>
    </ClCompile>
    <ClCompile Include="dep_repo\src\state.cpp">
      <Filter>bind\src</Filter>
    </ClCompile>
    <ClCompile Include="dep_repo\src\thread.cpp">
      <Filter>bind\src</Filter>
    </ClCompile>
    <ClCompile Include="dep_repo\src\timer.cpp">
      <Filter>bind\src</Filter>
    </ClCompile>
    <ClCompile Include="dep_repo\src\transform.cpp">
      <Filter>bind\src</Filter>
    </ClCompile>
    <ClCompile Include="dep_repo\src\utfstring.cpp">
      <Filter>bind\src</Filter>
    </ClCompile>
    <ClCompile Include="dep_repo\src\vertex.cpp">
      <Filter>bind\src</Filter>
    </ClCompile>
    <ClCompile Include="dep_repo\src\video.cpp">
      <Filter>bind\src</Filter>
    </ClCompile>
    <ClCompile Include="dep_repo\src\audio_all.cpp">
      <Filter>bind\src</Filter>
    </ClCompile>
    <ClCompile Include="dep_repo\src\audio_mixer.cpp">
      <Filter>bind\src</Filter>
    </ClCompile>
    <ClCompile Include="dep_repo\src\audio_sample.cpp">
      <Filter>bind\src</Filter>
    </ClCompile>
    <ClCompile Include="dep_repo\src\audio_sample_instance.cpp">
      <Filter>bind\src</Filter>
    </ClCompile>
  </ItemGroup>
  <ItemGroup>
    <None Include="packages.config" />
  </ItemGroup>
  <ItemGroup>
    <ClInclude Include="dep_repo\include\audio_stream.h">
      <Filter>bind\include\_each</Filter>
    </ClInclude>
    <ClInclude Include="dep_repo\include\audio_voice.h">
      <Filter>bind\include\_each</Filter>
    </ClInclude>
    <ClInclude Include="dep_repo\include\bitmap.h">
      <Filter>bind\include\_each</Filter>
    </ClInclude>
    <ClInclude Include="dep_repo\include\config.h">
      <Filter>bind\include\_each</Filter>
    </ClInclude>
    <ClInclude Include="dep_repo\include\display.h">
      <Filter>bind\include\_each</Filter>
    </ClInclude>
    <ClInclude Include="dep_repo\include\display_mode.h">
      <Filter>bind\include\_each</Filter>
    </ClInclude>
    <ClInclude Include="dep_repo\include\event_queue.h">
      <Filter>bind\include\_each</Filter>
    </ClInclude>
    <ClInclude Include="dep_repo\include\events.h">
      <Filter>bind\include\_each</Filter>
    </ClInclude>
    <ClInclude Include="dep_repo\include\file.h">
      <Filter>bind\include\_each</Filter>
    </ClInclude>
    <ClInclude Include="dep_repo\include\font.h">
      <Filter>bind\include\_each</Filter>
    </ClInclude>
    <ClInclude Include="dep_repo\include\gif.h">
      <Filter>bind\include\_each</Filter>
    </ClInclude>
    <ClInclude Include="dep_repo\include\keyboard.h">
      <Filter>bind\include\_each</Filter>
    </ClInclude>
    <ClInclude Include="dep_repo\include\locked_region.h">
      <Filter>bind\include\_each</Filter>
    </ClInclude>
    <ClInclude Include="dep_repo\include\menu.h">
      <Filter>bind\include\_each</Filter>
    </ClInclude>
    <ClInclude Include="dep_repo\include\monitor_info.h">
      <Filter>bind\include\_each</Filter>
    </ClInclude>
    <ClInclude Include="dep_repo\include\mouse.h">
      <Filter>bind\include\_each</Filter>
    </ClInclude>
    <ClInclude Include="dep_repo\include\native_dialog.h">
      <Filter>bind\include\_each</Filter>
    </ClInclude>
    <ClInclude Include="dep_repo\include\path.h">
      <Filter>bind\include\_each</Filter>
    </ClInclude>
    <ClInclude Include="dep_repo\include\shader.h">
      <Filter>bind\include\_each</Filter>
    </ClInclude>
    <ClInclude Include="dep_repo\include\state.h">
      <Filter>bind\include\_each</Filter>
    </ClInclude>
    <ClInclude Include="dep_repo\include\thread.h">
      <Filter>bind\include\_each</Filter>
    </ClInclude>
    <ClInclude Include="dep_repo\include\timer.h">
      <Filter>bind\include\_each</Filter>
    </ClInclude>
    <ClInclude Include="dep_repo\include\transform.h">
      <Filter>bind\include\_each</Filter>
    </ClInclude>
    <ClInclude Include="dep_repo\include\utfstring.h">
      <Filter>bind\include\_each</Filter>
    </ClInclude>
    <ClInclude Include="dep_repo\include\vertex.h">
      <Filter>bind\include\_each</Filter>
    </ClInclude>
    <ClInclude Include="dep_repo\include\video.h">
      <Filter>bind\include\_each</Filter>
    </ClInclude>
    <ClInclude Include="dep_repo\include\audio_mixer.h">
      <Filter>bind\include\_each</Filter>
    </ClInclude>
    <ClInclude Include="dep_repo\include\audio_sample.h">
      <Filter>bind\include\_each</Filter>
    </ClInclude>
    <ClInclude Include="dep_repo\include\audio_sample_instance.h">
      <Filter>bind\include\_each</Filter>
    </ClInclude>
    <ClInclude Include="dep_repo\include\Audio.h">
      <Filter>bind\include\_selected</Filter>
    </ClInclude>
    <ClInclude Include="dep_repo\include\System.h">
      <Filter>bind\include\_selected</Filter>
    </ClInclude>
    <ClInclude Include="dep_repo\include\Graphics.h">
      <Filter>bind\include\_selected</Filter>
    </ClInclude>
  </ItemGroup>
</Project>